
Microsoft Visual Studio Solution File, Format Version 12.00
# Visual Studio 15
VisualStudioVersion = 15.0.28307.1340
MinimumVisualStudioVersion = 10.0.40219.1
Project("{FAE04EC0-301F-11D3-BF4B-00C04F79EFBC}") = "AI_Lab1", "AI_Lab1\AI_Lab1.csproj", "{64C7E30A-B0E8-4384-8CCD-87CC9806005B}"
EndProject
Global
	GlobalSection(SolutionConfigurationPlatforms) = preSolution
		Debug|Any CPU = Debug|Any CPU
		Release|Any CPU = Release|Any CPU
	EndGlobalSection
	GlobalSection(ProjectConfigurationPlatforms) = postSolution
		{64C7E30A-B0E8-4384-8CCD-87CC9806005B}.Debug|Any CPU.ActiveCfg = Debug|Any CPU
		{64C7E30A-B0E8-4384-8CCD-87CC9806005B}.Debug|Any CPU.Build.0 = Debug|Any CPU
		{64C7E30A-B0E8-4384-8CCD-87CC9806005B}.Release|Any CPU.ActiveCfg = Release|Any CPU
		{64C7E30A-B0E8-4384-8CCD-87CC9806005B}.Release|Any CPU.Build.0 = Release|Any CPU
	EndGlobalSection
	GlobalSection(SolutionProperties) = preSolution
		HideSolutionNode = FALSE
	EndGlobalSection
	GlobalSection(ExtensibilityGlobals) = postSolution
		SolutionGuid = {F3073C42-E40A-49E0-9B30-DAB1AA078E55}
	EndGlobalSection
EndGlobal
